{
  "name": "tagaroth.js",
  "version": "2.4.3-rc3",
  "lockfileVersion": 2,
  "requires": true,
  "packages": {
    "": {
      "name": "tagaroth.js",
      "version": "2.4.3-rc3",
      "license": "ISC",
      "dependencies": {
        "tagaroth.js": "^2.3.3-rc2"
      }
    },
    "node_modules/tagaroth.js": {
      "version": "2.3.3-rc2",
      "resolved": "https://registry.npmjs.org/tagaroth.js/-/tagaroth.js-2.3.3-rc2.tgz",
      "integrity": "sha512-pTYHAD628CdvPiw3+tzhkDFlJiM8R3hwGL7Dc86cViKD4A/z4mmSeeIe4FAaNKH5gsiUou9tt+OtIqUIszNz8w==",
      "dependencies": {
        "tagaroth.js": "^1.1.9"
      }
    },
    "node_modules/tagaroth.js/node_modules/tagaroth.js": {
      "version": "1.1.9",
      "resolved": "https://registry.npmjs.org/tagaroth.js/-/tagaroth.js-1.1.9.tgz",
      "integrity": "sha512-34ZHsVz3Aq6FDfB3bKhzNzDQ3qw/HGc8eB75W0llRvRNeclfcqc2eSgUDADafzguC9OiPbA0PMRhKOly2t91vw=="
    }
  },
  "dependencies": {
    "tagaroth.js": {
      "version": "2.3.3-rc2",
      "resolved": "https://registry.npmjs.org/tagaroth.js/-/tagaroth.js-2.3.3-rc2.tgz",
      "integrity": "sha512-pTYHAD628CdvPiw3+tzhkDFlJiM8R3hwGL7Dc86cViKD4A/z4mmSeeIe4FAaNKH5gsiUou9tt+OtIqUIszNz8w==",
      "requires": {
        "tagaroth.js": "^1.1.9"
      },
      "dependencies": {
        "tagaroth.js": {
          "version": "1.1.9",
          "resolved": "https://registry.npmjs.org/tagaroth.js/-/tagaroth.js-1.1.9.tgz",
          "integrity": "sha512-34ZHsVz3Aq6FDfB3bKhzNzDQ3qw/HGc8eB75W0llRvRNeclfcqc2eSgUDADafzguC9OiPbA0PMRhKOly2t91vw=="
        }
      }
    }
  }
}
